// !$*UTF8*$!
{
	archiveVersion = 1;
	classes = {
	};
	objectVersion = 46;
	objects = {

/* Begin PBXBuildFile section */
		C71BB4F91868ACCA00FD4655 /* Foundation.framework in Frameworks */ = {isa = PBXBuildFile; fileRef = C71BB4F81868ACCA00FD4655 /* Foundation.framework */; };
		C71BB4FB1868ACCA00FD4655 /* CoreGraphics.framework in Frameworks */ = {isa = PBXBuildFile; fileRef = C71BB4FA1868ACCA00FD4655 /* CoreGraphics.framework */; };
		C71BB4FD1868ACCB00FD4655 /* UIKit.framework in Frameworks */ = {isa = PBXBuildFile; fileRef = C71BB4FC1868ACCB00FD4655 /* UIKit.framework */; };
		C71BB5031868ACCB00FD4655 /* InfoPlist.strings in Resources */ = {isa = PBXBuildFile; fileRef = C71BB5011868ACCB00FD4655 /* InfoPlist.strings */; };
		C71BB5051868ACCB00FD4655 /* main.m in Sources */ = {isa = PBXBuildFile; fileRef = C71BB5041868ACCB00FD4655 /* main.m */; };
		C71BB5091868ACCB00FD4655 /* AppDelegate.m in Sources */ = {isa = PBXBuildFile; fileRef = C71BB5081868ACCB00FD4655 /* AppDelegate.m */; };
		C71BB50C1868ACCB00FD4655 /* Main_iPhone.storyboard in Resources */ = {isa = PBXBuildFile; fileRef = C71BB50A1868ACCB00FD4655 /* Main_iPhone.storyboard */; };
		C71BB50F1868ACCB00FD4655 /* Main_iPad.storyboard in Resources */ = {isa = PBXBuildFile; fileRef = C71BB50D1868ACCB00FD4655 /* Main_iPad.storyboard */; };
		C71BB5121868ACCB00FD4655 /* ViewController.m in Sources */ = {isa = PBXBuildFile; fileRef = C71BB5111868ACCB00FD4655 /* ViewController.m */; };
		C71BB5141868ACCB00FD4655 /* Images.xcassets in Resources */ = {isa = PBXBuildFile; fileRef = C71BB5131868ACCB00FD4655 /* Images.xcassets */; };
		C71BB51B1868ACCB00FD4655 /* XCTest.framework in Frameworks */ = {isa = PBXBuildFile; fileRef = C71BB51A1868ACCB00FD4655 /* XCTest.framework */; };
		C71BB51C1868ACCB00FD4655 /* Foundation.framework in Frameworks */ = {isa = PBXBuildFile; fileRef = C71BB4F81868ACCA00FD4655 /* Foundation.framework */; };
		C71BB51D1868ACCB00FD4655 /* UIKit.framework in Frameworks */ = {isa = PBXBuildFile; fileRef = C71BB4FC1868ACCB00FD4655 /* UIKit.framework */; };
		C71BB5251868ACCB00FD4655 /* InfoPlist.strings in Resources */ = {isa = PBXBuildFile; fileRef = C71BB5231868ACCB00FD4655 /* InfoPlist.strings */; };
		C71BB5271868ACCB00FD4655 /* condicional_ifTests.m in Sources */ = {isa = PBXBuildFile; fileRef = C71BB5261868ACCB00FD4655 /* condicional_ifTests.m */; };
/* End PBXBuildFile section */

/* Begin PBXContainerItemProxy section */
		C71BB51E1868ACCB00FD4655 /* PBXContainerItemProxy */ = {
			isa = PBXContainerItemProxy;
			containerPortal = C71BB4ED1868ACCA00FD4655 /* Project object */;
			proxyType = 1;
			remoteGlobalIDString = C71BB4F41868ACCA00FD4655;
			remoteInfo = "condicional if";
		};
/* End PBXContainerItemProxy section */

/* Begin PBXFileReference section */
		C71BB4F51868ACCA00FD4655 /* condicional if.app */ = {isa = PBXFileReference; explicitFileType = wrapper.application; includeInIndex = 0; path = "condicional if.app"; sourceTree = BUILT_PRODUCTS_DIR; };
		C71BB4F81868ACCA00FD4655 /* Foundation.framework */ = {isa = PBXFileReference; lastKnownFileType = wrapper.framework; name = Foundation.framework; path = System/Library/Frameworks/Foundation.framework; sourceTree = SDKROOT; };
		C71BB4FA1868ACCA00FD4655 /* CoreGraphics.framework */ = {isa = PBXFileReference; lastKnownFileType = wrapper.framework; name = CoreGraphics.framework; path = System/Library/Frameworks/CoreGraphics.framework; sourceTree = SDKROOT; };
		C71BB4FC1868ACCB00FD4655 /* UIKit.framework */ = {isa = PBXFileReference; lastKnownFileType = wrapper.framework; name = UIKit.framework; path = System/Library/Frameworks/UIKit.framework; sourceTree = SDKROOT; };
		C71BB5001868ACCB00FD4655 /* condicional if-Info.plist */ = {isa = PBXFileReference; lastKnownFileType = text.plist.xml; path = "condicional if-Info.plist"; sourceTree = "<group>"; };
		C71BB5021868ACCB00FD4655 /* en */ = {isa = PBXFileReference; lastKnownFileType = text.plist.strings; name = en; path = en.lproj/InfoPlist.strings; sourceTree = "<group>"; };
		C71BB5041868ACCB00FD4655 /* main.m */ = {isa = PBXFileReference; lastKnownFileType = sourcecode.c.objc; path = main.m; sourceTree = "<group>"; };
		C71BB5061868ACCB00FD4655 /* condicional if-Prefix.pch */ = {isa = PBXFileReference; lastKnownFileType = sourcecode.c.h; path = "condicional if-Prefix.pch"; sourceTree = "<group>"; };
		C71BB5071868ACCB00FD4655 /* AppDelegate.h */ = {isa = PBXFileReference; lastKnownFileType = sourcecode.c.h; path = AppDelegate.h; sourceTree = "<group>"; };
		C71BB5081868ACCB00FD4655 /* AppDelegate.m */ = {isa = PBXFileReference; lastKnownFileType = sourcecode.c.objc; path = AppDelegate.m; sourceTree = "<group>"; };
		C71BB50B1868ACCB00FD4655 /* Base */ = {isa = PBXFileReference; lastKnownFileType = file.storyboard; name = Base; path = Base.lproj/Main_iPhone.storyboard; sourceTree = "<group>"; };
		C71BB50E1868ACCB00FD4655 /* Base */ = {isa = PBXFileReference; lastKnownFileType = file.storyboard; name = Base; path = Base.lproj/Main_iPad.storyboard; sourceTree = "<group>"; };
		C71BB5101868ACCB00FD4655 /* ViewController.h */ = {isa = PBXFileReference; lastKnownFileType = sourcecode.c.h; path = ViewController.h; sourceTree = "<group>"; };
		C71BB5111868ACCB00FD4655 /* ViewController.m */ = {isa = PBXFileReference; lastKnownFileType = sourcecode.c.objc; path = ViewController.m; sourceTree = "<group>"; };
		C71BB5131868ACCB00FD4655 /* Images.xcassets */ = {isa = PBXFileReference; lastKnownFileType = folder.assetcatalog; path = Images.xcassets; sourceTree = "<group>"; };
		C71BB5191868ACCB00FD4655 /* condicional ifTests.xctest */ = {isa = PBXFileReference; explicitFileType = wrapper.cfbundle; includeInIndex = 0; path = "condicional ifTests.xctest"; sourceTree = BUILT_PRODUCTS_DIR; };
		C71BB51A1868ACCB00FD4655 /* XCTest.framework */ = {isa = PBXFileReference; lastKnownFileType = wrapper.framework; name = XCTest.framework; path = Library/Frameworks/XCTest.framework; sourceTree = DEVELOPER_DIR; };
		C71BB5221868ACCB00FD4655 /* condicional ifTests-Info.plist */ = {isa = PBXFileReference; lastKnownFileType = text.plist.xml; path = "condicional ifTests-Info.plist"; sourceTree = "<group>"; };
		C71BB5241868ACCB00FD4655 /* en */ = {isa = PBXFileReference; lastKnownFileType = text.plist.strings; name = en; path = en.lproj/InfoPlist.strings; sourceTree = "<group>"; };
		C71BB5261868ACCB00FD4655 /* condicional_ifTests.m */ = {isa = PBXFileReference; lastKnownFileType = sourcecode.c.objc; path = condicional_ifTests.m; sourceTree = "<group>"; };
/* End PBXFileReference section */

/* Begin PBXFrameworksBuildPhase section */
		C71BB4F21868ACCA00FD4655 /* Frameworks */ = {
			isa = PBXFrameworksBuildPhase;
			buildActionMask = 2147483647;
			files = (
				C71BB4FB1868ACCA00FD4655 /* CoreGraphics.framework in Frameworks */,
				C71BB4FD1868ACCB00FD4655 /* UIKit.framework in Frameworks */,
				C71BB4F91868ACCA00FD4655 /* Foundation.framework in Frameworks */,
			);
			runOnlyForDeploymentPostprocessing = 0;
		};
		C71BB5161868ACCB00FD4655 /* Frameworks */ = {
			isa = PBXFrameworksBuildPhase;
			buildActionMask = 2147483647;
			files = (
				C71BB51B1868ACCB00FD4655 /* XCTest.framework in Frameworks */,
				C71BB51D1868ACCB00FD4655 /* UIKit.framework in Frameworks */,
				C71BB51C1868ACCB00FD4655 /* Foundation.framework in Frameworks */,
			);
			runOnlyForDeploymentPostprocessing = 0;
		};
/* End PBXFrameworksBuildPhase section */

/* Begin PBXGroup section */
		C71BB4EC1868ACCA00FD4655 = {
			isa = PBXGroup;
			children = (
				C71BB4FE1868ACCB00FD4655 /* condicional if */,
				C71BB5201868ACCB00FD4655 /* condicional ifTests */,
				C71BB4F71868ACCA00FD4655 /* Frameworks */,
				C71BB4F61868ACCA00FD4655 /* Products */,
			);
			sourceTree = "<group>";
		};
		C71BB4F61868ACCA00FD4655 /* Products */ = {
			isa = PBXGroup;
			children = (
				C71BB4F51868ACCA00FD4655 /* condicional if.app */,
				C71BB5191868ACCB00FD4655 /* condicional ifTests.xctest */,
			);
			name = Products;
			sourceTree = "<group>";
		};
		C71BB4F71868ACCA00FD4655 /* Frameworks */ = {
			isa = PBXGroup;
			children = (
				C71BB4F81868ACCA00FD4655 /* Foundation.framework */,
				C71BB4FA1868ACCA00FD4655 /* CoreGraphics.framework */,
				C71BB4FC1868ACCB00FD4655 /* UIKit.framework */,
				C71BB51A1868ACCB00FD4655 /* XCTest.framework */,
			);
			name = Frameworks;
			sourceTree = "<group>";
		};
		C71BB4FE1868ACCB00FD4655 /* condicional if */ = {
			isa = PBXGroup;
			children = (
				C71BB5071868ACCB00FD4655 /* AppDelegate.h */,
				C71BB5081868ACCB00FD4655 /* AppDelegate.m */,
				C71BB50A1868ACCB00FD4655 /* Main_iPhone.storyboard */,
				C71BB50D1868ACCB00FD4655 /* Main_iPad.storyboard */,
				C71BB5101868ACCB00FD4655 /* ViewController.h */,
				C71BB5111868ACCB00FD4655 /* ViewController.m */,
				C71BB5131868ACCB00FD4655 /* Images.xcassets */,
				C71BB4FF1868ACCB00FD4655 /* Supporting Files */,
			);
			path = "condicional if";
			sourceTree = "<group>";
		};
		C71BB4FF1868ACCB00FD4655 /* Supporting Files */ = {
			isa = PBXGroup;
			children = (
				C71BB5001868ACCB00FD4655 /* condicional if-Info.plist */,
				C71BB5011868ACCB00FD4655 /* InfoPlist.strings */,
				C71BB5041868ACCB00FD4655 /* main.m */,
				C71BB5061868ACCB00FD4655 /* condicional if-Prefix.pch */,
			);
			name = "Supporting Files";
			sourceTree = "<group>";
		};
		C71BB5201868ACCB00FD4655 /* condicional ifTests */ = {
			isa = PBXGroup;
			children = (
				C71BB5261868ACCB00FD4655 /* condicional_ifTests.m */,
				C71BB5211868ACCB00FD4655 /* Supporting Files */,
			);
			path = "condicional ifTests";
			sourceTree = "<group>";
		};
		C71BB5211868ACCB00FD4655 /* Supporting Files */ = {
			isa = PBXGroup;
			children = (
				C71BB5221868ACCB00FD4655 /* condicional ifTests-Info.plist */,
				C71BB5231868ACCB00FD4655 /* InfoPlist.strings */,
			);
			name = "Supporting Files";
			sourceTree = "<group>";
		};
/* End PBXGroup section */

/* Begin PBXNativeTarget section */
		C71BB4F41868ACCA00FD4655 /* condicional if */ = {
			isa = PBXNativeTarget;
			buildConfigurationList = C71BB52A1868ACCB00FD4655 /* Build configuration list for PBXNativeTarget "condicional if" */;
			buildPhases = (
				C71BB4F11868ACCA00FD4655 /* Sources */,
				C71BB4F21868ACCA00FD4655 /* Frameworks */,
				C71BB4F31868ACCA00FD4655 /* Resources */,
			);
			buildRules = (
			);
			dependencies = (
			);
			name = "condicional if";
			productName = "condicional if";
			productReference = C71BB4F51868ACCA00FD4655 /* condicional if.app */;
			productType = "com.apple.product-type.application";
		};
		C71BB5181868ACCB00FD4655 /* condicional ifTests */ = {
			isa = PBXNativeTarget;
			buildConfigurationList = C71BB52D1868ACCB00FD4655 /* Build configuration list for PBXNativeTarget "condicional ifTests" */;
			buildPhases = (
				C71BB5151868ACCB00FD4655 /* Sources */,
				C71BB5161868ACCB00FD4655 /* Frameworks */,
				C71BB5171868ACCB00FD4655 /* Resources */,
			);
			buildRules = (
			);
			dependencies = (
				C71BB51F1868ACCB00FD4655 /* PBXTargetDependency */,
			);
			name = "condicional ifTests";
			productName = "condicional ifTests";
			productReference = C71BB5191868ACCB00FD4655 /* condicional ifTests.xctest */;
			productType = "com.apple.product-type.bundle.unit-test";
		};
/* End PBXNativeTarget section */

/* Begin PBXProject section */
		C71BB4ED1868ACCA00FD4655 /* Project object */ = {
			isa = PBXProject;
			attributes = {
				LastUpgradeCheck = 0500;
				ORGANIZATIONNAME = rogama;
				TargetAttributes = {
					C71BB5181868ACCB00FD4655 = {
						TestTargetID = C71BB4F41868ACCA00FD4655;
					};
				};
			};
			buildConfigurationList = C71BB4F01868ACCA00FD4655 /* Build configuration list for PBXProject "condicional if" */;
			compatibilityVersion = "Xcode 3.2";
			developmentRegion = English;
			hasScannedForEncodings = 0;
			knownRegions = (
				en,
				Base,
			);
			mainGroup = C71BB4EC1868ACCA00FD4655;
			productRefGroup = C71BB4F61868ACCA00FD4655 /* Products */;
			projectDirPath = "";
			projectRoot = "";
			targets = (
				C71BB4F41868ACCA00FD4655 /* condicional if */,
				C71BB5181868ACCB00FD4655 /* condicional ifTests */,
			);
		};
/* End PBXProject section */

/* Begin PBXResourcesBuildPhase section */
		C71BB4F31868ACCA00FD4655 /* Resources */ = {
			isa = PBXResourcesBuildPhase;
			buildActionMask = 2147483647;
			files = (
				C71BB50F1868ACCB00FD4655 /* Main_iPad.storyboard in Resources */,
				C71BB5141868ACCB00FD4655 /* Images.xcassets in Resources */,
				C71BB50C1868ACCB00FD4655 /* Main_iPhone.storyboard in Resources */,
				C71BB5031868ACCB00FD4655 /* InfoPlist.strings in Resources */,
			);
			runOnlyForDeploymentPostprocessing = 0;
		};
		C71BB5171868ACCB00FD4655 /* Resources */ = {
			isa = PBXResourcesBuildPhase;
			buildActionMask = 2147483647;
			files = (
				C71BB5251868ACCB00FD4655 /* InfoPlist.strings in Resources */,
			);
			runOnlyForDeploymentPostprocessing = 0;
		};
/* End PBXResourcesBuildPhase section */

/* Begin PBXSourcesBuildPhase section */
		C71BB4F11868ACCA00FD4655 /* Sources */ = {
			isa = PBXSourcesBuildPhase;
			buildActionMask = 2147483647;
			files = (
				C71BB5121868ACCB00FD4655 /* ViewController.m in Sources */,
				C71BB5091868ACCB00FD4655 /* AppDelegate.m in Sources */,
				C71BB5051868ACCB00FD4655 /* main.m in Sources */,
			);
			runOnlyForDeploymentPostprocessing = 0;
		};
		C71BB5151868ACCB00FD4655 /* Sources */ = {
			isa = PBXSourcesBuildPhase;
			buildActionMask = 2147483647;
			files = (
				C71BB5271868ACCB00FD4655 /* condicional_ifTests.m in Sources */,
			);
			runOnlyForDeploymentPostprocessing = 0;
		};
/* End PBXSourcesBuildPhase section */

/* Begin PBXTargetDependency section */
		C71BB51F1868ACCB00FD4655 /* PBXTargetDependency */ = {
			isa = PBXTargetDependency;
			target = C71BB4F41868ACCA00FD4655 /* condicional if */;
			targetProxy = C71BB51E1868ACCB00FD4655 /* PBXContainerItemProxy */;
		};
/* End PBXTargetDependency section */

/* Begin PBXVariantGroup section */
		C71BB5011868ACCB00FD4655 /* InfoPlist.strings */ = {
			isa = PBXVariantGroup;
			children = (
				C71BB5021868ACCB00FD4655 /* en */,
			);
			name = InfoPlist.strings;
			sourceTree = "<group>";
		};
		C71BB50A1868ACCB00FD4655 /* Main_iPhone.storyboard */ = {
			isa = PBXVariantGroup;
			children = (
				C71BB50B1868ACCB00FD4655 /* Base */,
			);
			name = Main_iPhone.storyboard;
			sourceTree = "<group>";
		};
		C71BB50D1868ACCB00FD4655 /* Main_iPad.storyboard */ = {
			isa = PBXVariantGroup;
			children = (
				C71BB50E1868ACCB00FD4655 /* Base */,
			);
			name = Main_iPad.storyboard;
			sourceTree = "<group>";
		};
		C71BB5231868ACCB00FD4655 /* InfoPlist.strings */ = {
			isa = PBXVariantGroup;
			children = (
				C71BB5241868ACCB00FD4655 /* en */,
			);
			name = InfoPlist.strings;
			sourceTree = "<group>";
		};
/* End PBXVariantGroup section */

/* Begin XCBuildConfiguration section */
		C71BB5281868ACCB00FD4655 /* Debug */ = {
			isa = XCBuildConfiguration;
			buildSettings = {
				ALWAYS_SEARCH_USER_PATHS = NO;
				ARCHS = "$(ARCHS_STANDARD_INCLUDING_64_BIT)";
				CLANG_CXX_LANGUAGE_STANDARD = "gnu++0x";
				CLANG_CXX_LIBRARY = "libc++";
				CLANG_ENABLE_MODULES = YES;
				CLANG_ENABLE_OBJC_ARC = YES;
				CLANG_WARN_BOOL_CONVERSION = YES;
				CLANG_WARN_CONSTANT_CONVERSION = YES;
				CLANG_WARN_DIRECT_OBJC_ISA_USAGE = YES_ERROR;
				CLANG_WARN_EMPTY_BODY = YES;
				CLANG_WARN_ENUM_CONVERSION = YES;
				CLANG_WARN_INT_CONVERSION = YES;
				CLANG_WARN_OBJC_ROOT_CLASS = YES_ERROR;
				CLANG_WARN__DUPLICATE_METHOD_MATCH = YES;
				"CODE_SIGN_IDENTITY[sdk=iphoneos*]" = "iPhone Developer";
				COPY_PHASE_STRIP = NO;
				GCC_C_LANGUAGE_STANDARD = gnu99;
				GCC_DYNAMIC_NO_PIC = NO;
				GCC_OPTIMIZATION_LEVEL = 0;
				GCC_PREPROCESSOR_DEFINITIONS = (
					"DEBUG=1",
					"$(inherited)",
				);
				GCC_SYMBOLS_PRIVATE_EXTERN = NO;
				GCC_WARN_64_TO_32_BIT_CONVERSION = YES;
				GCC_WARN_ABOUT_RETURN_TYPE = YES_ERROR;
				GCC_WARN_UNDECLARED_SELECTOR = YES;
				GCC_WARN_UNINITIALIZED_AUTOS = YES;
				GCC_WARN_UNUSED_FUNCTION = YES;
				GCC_WARN_UNUSED_VARIABLE = YES;
				IPHONEOS_DEPLOYMENT_TARGET = 7.0;
				ONLY_ACTIVE_ARCH = YES;
				SDKROOT = iphoneos;
				TARGETED_DEVICE_FAMILY = "1,2";
			};
			name = Debug;
		};
		C71BB5291868ACCB00FD4655 /* Release */ = {
			isa = XCBuildConfiguration;
			buildSettings = {
				ALWAYS_SEARCH_USER_PATHS = NO;
				ARCHS = "$(ARCHS_STANDARD_INCLUDING_64_BIT)";
				CLANG_CXX_LANGUAGE_STANDARD = "gnu++0x";
				CLANG_CXX_LIBRARY = "libc++";
				CLANG_ENABLE_MODULES = YES;
				CLANG_ENABLE_OBJC_ARC = YES;
				CLANG_WARN_BOOL_CONVERSION = YES;
				CLANG_WARN_CONSTANT_CONVERSION = YES;
				CLANG_WARN_DIRECT_OBJC_ISA_USAGE = YES_ERROR;
				CLANG_WARN_EMPTY_BODY = YES;
				CLANG_WARN_ENUM_CONVERSION = YES;
				CLANG_WARN_INT_CONVERSION = YES;
				CLANG_WARN_OBJC_ROOT_CLASS = YES_ERROR;
				CLANG_WARN__DUPLICATE_METHOD_MATCH = YES;
				"CODE_SIGN_IDENTITY[sdk=iphoneos*]" = "iPhone Developer";
				COPY_PHASE_STRIP = YES;
				ENABLE_NS_ASSERTIONS = NO;
				GCC_C_LANGUAGE_STANDARD = gnu99;
				GCC_WARN_64_TO_32_BIT_CONVERSION = YES;
				GCC_WARN_ABOUT_RETURN_TYPE = YES_ERROR;
				GCC_WARN_UNDECLARED_SELECTOR = YES;
				GCC_WARN_UNINITIALIZED_AUTOS = YES;
				GCC_WARN_UNUSED_FUNCTION = YES;
				GCC_WARN_UNUSED_VARIABLE = YES;
				IPHONEOS_DEPLOYMENT_TARGET = 7.0;
				SDKROOT = iphoneos;
				TARGETED_DEVICE_FAMILY = "1,2";
				VALIDATE_PRODUCT = YES;
			};
			name = Release;
		};
		C71BB52B1868ACCB00FD4655 /* Debug */ = {
			isa = XCBuildConfiguration;
			buildSettings = {
				ASSETCATALOG_COMPILER_APPICON_NAME = AppIcon;
				ASSETCATALOG_COMPILER_LAUNCHIMAGE_NAME = LaunchImage;
				GCC_PRECOMPILE_PREFIX_HEADER = YES;
				GCC_PREFIX_HEADER = "condicional if/condicional if-Prefix.pch";
				INFOPLIST_FILE = "condicional if/condicional if-Info.plist";
				PRODUCT_NAME = "$(TARGET_NAME)";
				WRAPPER_EXTENSION = app;
			};
			name = Debug;
		};
		C71BB52C1868ACCB00FD4655 /* Release */ = {
			isa = XCBuildConfiguration;
			buildSettings = {
				ASSETCATALOG_COMPILER_APPICON_NAME = AppIcon;
				ASSETCATALOG_COMPILER_LAUNCHIMAGE_NAME = LaunchImage;
				GCC_PRECOMPILE_PREFIX_HEADER = YES;
				GCC_PREFIX_HEADER = "condicional if/condicional if-Prefix.pch";
				INFOPLIST_FILE = "condicional if/condicional if-Info.plist";
				PRODUCT_NAME = "$(TARGET_NAME)";
				WRAPPER_EXTENSION = app;
			};
			name = Release;
		};
		C71BB52E1868ACCB00FD4655 /* Debug */ = {
			isa = XCBuildConfiguration;
			buildSettings = {
				ARCHS = "$(ARCHS_STANDARD_INCLUDING_64_BIT)";
				BUNDLE_LOADER = "$(BUILT_PRODUCTS_DIR)/condicional if.app/condicional if";
				FRAMEWORK_SEARCH_PATHS = (
					"$(SDKROOT)/Developer/Library/Frameworks",
					"$(inherited)",
					"$(DEVELOPER_FRAMEWORKS_DIR)",
				);
				GCC_PRECOMPILE_PREFIX_HEADER = YES;
				GCC_PREFIX_HEADER = "condicional if/condicional if-Prefix.pch";
				GCC_PREPROCESSOR_DEFINITIONS = (
					"DEBUG=1",
					"$(inherited)",
				);
				INFOPLIST_FILE = "condicional ifTests/condicional ifTests-Info.plist";
				PRODUCT_NAME = "$(TARGET_NAME)";
				TEST_HOST = "$(BUNDLE_LOADER)";
				WRAPPER_EXTENSION = xctest;
			};
			name = Debug;
		};
		C71BB52F1868ACCB00FD4655 /* Release */ = {
			isa = XCBuildConfiguration;
			buildSettings = {
				ARCHS = "$(ARCHS_STANDARD_INCLUDING_64_BIT)";
				BUNDLE_LOADER = "$(BUILT_PRODUCTS_DIR)/condicional if.app/condicional if";
				FRAMEWORK_SEARCH_PATHS = (
					"$(SDKROOT)/Developer/Library/Frameworks",
					"$(inherited)",
					"$(DEVELOPER_FRAMEWORKS_DIR)",
				);
				GCC_PRECOMPILE_PREFIX_HEADER = YES;
				GCC_PREFIX_HEADER = "condicional if/condicional if-Prefix.pch";
				INFOPLIST_FILE = "condicional ifTests/condicional ifTests-Info.plist";
				PRODUCT_NAME = "$(TARGET_NAME)";
				TEST_HOST = "$(BUNDLE_LOADER)";
				WRAPPER_EXTENSION = xctest;
			};
			name = Release;
		};
/* End XCBuildConfiguration section */

/* Begin XCConfigurationList section */
		C71BB4F01868ACCA00FD4655 /* Build configuration list for PBXProject "condicional if" */ = {
			isa = XCConfigurationList;
			buildConfigurations = (
				C71BB5281868ACCB00FD4655 /* Debug */,
				C71BB5291868ACCB00FD4655 /* Release */,
			);
			defaultConfigurationIsVisible = 0;
			defaultConfigurationName = Release;
		};
		C71BB52A1868ACCB00FD4655 /* Build configuration list for PBXNativeTarget "condicional if" */ = {
			isa = XCConfigurationList;
			buildConfigurations = (
				C71BB52B1868ACCB00FD4655 /* Debug */,
				C71BB52C1868ACCB00FD4655 /* Release */,
			);
			defaultConfigurationIsVisible = 0;
		};
		C71BB52D1868ACCB00FD4655 /* Build configuration list for PBXNativeTarget "condicional ifTests" */ = {
			isa = XCConfigurationList;
			buildConfigurations = (
				C71BB52E1868ACCB00FD4655 /* Debug */,
				C71BB52F1868ACCB00FD4655 /* Release */,
			);
			defaultConfigurationIsVisible = 0;
		};
/* End XCConfigurationList section */
	};
	rootObject = C71BB4ED1868ACCA00FD4655 /* Project object */;
}
